
Microsoft Visual Studio Solution File, Format Version 12.00
# Visual Studio 15
VisualStudioVersion = 15.0.28307.1082
MinimumVisualStudioVersion = 10.0.40219.1
Project("{FAE04EC0-301F-11D3-BF4B-00C04F79EFBC}") = "RayTracerLib", "RayTracerLib\RayTracerLib.csproj", "{755637DF-B2EB-40ED-A2F0-FFE23A3BC9CC}"
EndProject
Project("{FAE04EC0-301F-11D3-BF4B-00C04F79EFBC}") = "RayTracerApp1", "RayTracerApp1\RayTracerApp1.csproj", "{837175FE-B115-46F5-8EAD-C4358BD2B490}"
EndProject
Global
	GlobalSection(SolutionConfigurationPlatforms) = preSolution
		Debug|Any CPU = Debug|Any CPU
		Release|Any CPU = Release|Any CPU
	EndGlobalSection
	GlobalSection(ProjectConfigurationPlatforms) = postSolution
		{755637DF-B2EB-40ED-A2F0-FFE23A3BC9CC}.Debug|Any CPU.ActiveCfg = Debug|Any CPU
		{755637DF-B2EB-40ED-A2F0-FFE23A3BC9CC}.Debug|Any CPU.Build.0 = Debug|Any CPU
		{755637DF-B2EB-40ED-A2F0-FFE23A3BC9CC}.Release|Any CPU.ActiveCfg = Release|Any CPU
		{755637DF-B2EB-40ED-A2F0-FFE23A3BC9CC}.Release|Any CPU.Build.0 = Release|Any CPU
		{837175FE-B115-46F5-8EAD-C4358BD2B490}.Debug|Any CPU.ActiveCfg = Debug|Any CPU
		{837175FE-B115-46F5-8EAD-C4358BD2B490}.Debug|Any CPU.Build.0 = Debug|Any CPU
		{837175FE-B115-46F5-8EAD-C4358BD2B490}.Release|Any CPU.ActiveCfg = Release|Any CPU
		{837175FE-B115-46F5-8EAD-C4358BD2B490}.Release|Any CPU.Build.0 = Release|Any CPU
	EndGlobalSection
	GlobalSection(SolutionProperties) = preSolution
		HideSolutionNode = FALSE
	EndGlobalSection
	GlobalSection(ExtensibilityGlobals) = postSolution
		SolutionGuid = {E89F8DFC-72D4-4887-A44E-5B03D2107C2F}
	EndGlobalSection
EndGlobal
